# This file is automatically @generated by Cargo.
# It is not intended for manual editing.
version = 3

[[package]]
name = "Pelican"
version = "0.1.0"
dependencies = [
 "spex",
]

[[package]]
name = "sipp"
version = "0.2.0"
source = "registry+https://github.com/rust-lang/crates.io-index"
checksum = "b5850b445f67c923d318f823564fa236986444f0cdb6913125b8cca514e4ee40"

[[package]]
name = "spex"
version = "0.2.1"
source = "registry+https://github.com/rust-lang/crates.io-index"
checksum = "9051dfbc7c58e44e1260d59ed20c50a8cf55e9e65b2bb31f43fd68a832369008"
dependencies = [
 "sipp",
]
